
Microsoft Visual Studio Solution File, Format Version 12.00
# Visual Studio 2012
Project("{FAE04EC0-301F-11D3-BF4B-00C04F79EFBC}") = "AnotherJiraRestClient", "AnotherJiraRestClient\AnotherJiraRestClient.csproj", "{49EB9A11-ED25-412A-9416-C124A0CCFB8F}"
EndProject
Project("{FAE04EC0-301F-11D3-BF4B-00C04F79EFBC}") = "AspnetSampleApp", "AspnetSampleApp\AspnetSampleApp.csproj", "{2A7871F2-6F3E-47E9-978C-4E4F6C2576BA}"
EndProject
Project("{FAE04EC0-301F-11D3-BF4B-00C04F79EFBC}") = "SampleClassLibrary", "SampleClassLibrary\SampleClassLibrary.csproj", "{C1514F7A-6E22-42FE-9C62-D2DE47643B1B}"
EndProject
Global
	GlobalSection(SolutionConfigurationPlatforms) = preSolution
		Debug|Any CPU = Debug|Any CPU
		Debug|Mixed Platforms = Debug|Mixed Platforms
		Debug|x86 = Debug|x86
		Release|Any CPU = Release|Any CPU
		Release|Mixed Platforms = Release|Mixed Platforms
		Release|x86 = Release|x86
	EndGlobalSection
	GlobalSection(ProjectConfigurationPlatforms) = postSolution
		{49EB9A11-ED25-412A-9416-C124A0CCFB8F}.Debug|Any CPU.ActiveCfg = Debug|Any CPU
		{49EB9A11-ED25-412A-9416-C124A0CCFB8F}.Debug|Any CPU.Build.0 = Debug|Any CPU
		{49EB9A11-ED25-412A-9416-C124A0CCFB8F}.Debug|Mixed Platforms.ActiveCfg = Debug|Any CPU
		{49EB9A11-ED25-412A-9416-C124A0CCFB8F}.Debug|Mixed Platforms.Build.0 = Debug|Any CPU
		{49EB9A11-ED25-412A-9416-C124A0CCFB8F}.Debug|x86.ActiveCfg = Debug|Any CPU
		{49EB9A11-ED25-412A-9416-C124A0CCFB8F}.Release|Any CPU.ActiveCfg = Release|Any CPU
		{49EB9A11-ED25-412A-9416-C124A0CCFB8F}.Release|Any CPU.Build.0 = Release|Any CPU
		{49EB9A11-ED25-412A-9416-C124A0CCFB8F}.Release|Mixed Platforms.ActiveCfg = Release|Any CPU
		{49EB9A11-ED25-412A-9416-C124A0CCFB8F}.Release|Mixed Platforms.Build.0 = Release|Any CPU
		{49EB9A11-ED25-412A-9416-C124A0CCFB8F}.Release|x86.ActiveCfg = Release|Any CPU
		{2A7871F2-6F3E-47E9-978C-4E4F6C2576BA}.Debug|Any CPU.ActiveCfg = Debug|Any CPU
		{2A7871F2-6F3E-47E9-978C-4E4F6C2576BA}.Debug|Any CPU.Build.0 = Debug|Any CPU
		{2A7871F2-6F3E-47E9-978C-4E4F6C2576BA}.Debug|Mixed Platforms.ActiveCfg = Debug|Any CPU
		{2A7871F2-6F3E-47E9-978C-4E4F6C2576BA}.Debug|Mixed Platforms.Build.0 = Debug|Any CPU
		{2A7871F2-6F3E-47E9-978C-4E4F6C2576BA}.Debug|x86.ActiveCfg = Debug|Any CPU
		{2A7871F2-6F3E-47E9-978C-4E4F6C2576BA}.Release|Any CPU.ActiveCfg = Release|Any CPU
		{2A7871F2-6F3E-47E9-978C-4E4F6C2576BA}.Release|Any CPU.Build.0 = Release|Any CPU
		{2A7871F2-6F3E-47E9-978C-4E4F6C2576BA}.Release|Mixed Platforms.ActiveCfg = Release|Any CPU
		{2A7871F2-6F3E-47E9-978C-4E4F6C2576BA}.Release|Mixed Platforms.Build.0 = Release|Any CPU
		{2A7871F2-6F3E-47E9-978C-4E4F6C2576BA}.Release|x86.ActiveCfg = Release|Any CPU
		{C1514F7A-6E22-42FE-9C62-D2DE47643B1B}.Debug|Any CPU.ActiveCfg = Debug|Any CPU
		{C1514F7A-6E22-42FE-9C62-D2DE47643B1B}.Debug|Any CPU.Build.0 = Debug|Any CPU
		{C1514F7A-6E22-42FE-9C62-D2DE47643B1B}.Debug|Mixed Platforms.ActiveCfg = Debug|Any CPU
		{C1514F7A-6E22-42FE-9C62-D2DE47643B1B}.Debug|Mixed Platforms.Build.0 = Debug|Any CPU
		{C1514F7A-6E22-42FE-9C62-D2DE47643B1B}.Debug|x86.ActiveCfg = Debug|Any CPU
		{C1514F7A-6E22-42FE-9C62-D2DE47643B1B}.Release|Any CPU.ActiveCfg = Release|Any CPU
		{C1514F7A-6E22-42FE-9C62-D2DE47643B1B}.Release|Any CPU.Build.0 = Release|Any CPU
		{C1514F7A-6E22-42FE-9C62-D2DE47643B1B}.Release|Mixed Platforms.ActiveCfg = Release|Any CPU
		{C1514F7A-6E22-42FE-9C62-D2DE47643B1B}.Release|Mixed Platforms.Build.0 = Release|Any CPU
		{C1514F7A-6E22-42FE-9C62-D2DE47643B1B}.Release|x86.ActiveCfg = Release|Any CPU
	EndGlobalSection
	GlobalSection(SolutionProperties) = preSolution
		HideSolutionNode = FALSE
	EndGlobalSection
EndGlobal
